
Microsoft Visual Studio Solution File, Format Version 12.00
# Visual Studio Version 16
VisualStudioVersion = 16.0.31410.357
MinimumVisualStudioVersion = 10.0.40219.1
Project("{FAE04EC0-301F-11D3-BF4B-00C04F79EFBC}") = "BlazorTest.Server", "BlazorTest\Server\BlazorTest.Server.csproj", "{1425BA3C-617D-48A5-835C-45B77215815E}"
EndProject
Project("{FAE04EC0-301F-11D3-BF4B-00C04F79EFBC}") = "BlazorTest.Client", "BlazorTest\Client\BlazorTest.Client.csproj", "{DBA143EE-B9C3-454C-B4D9-DB93EA294F26}"
EndProject
Project("{FAE04EC0-301F-11D3-BF4B-00C04F79EFBC}") = "BlazorTest.Shared", "BlazorTest\Shared\BlazorTest.Shared.csproj", "{7CCF91FD-823F-43E0-A727-353ABAA4938C}"
EndProject
Project("{FAE04EC0-301F-11D3-BF4B-00C04F79EFBC}") = "ClassLibrary4dot8", "ClassLibrary4dot8\ClassLibrary4dot8.csproj", "{4E494F2D-E951-4CF1-8AA7-53B8FC0DB06D}"
EndProject
Project("{FAE04EC0-301F-11D3-BF4B-00C04F79EFBC}") = "ClassLibrary5", "ClassLibrary5\ClassLibrary5.csproj", "{FDA45AE6-4850-41C6-93C3-E452B8BCA5D3}"
EndProject
Global
	GlobalSection(SolutionConfigurationPlatforms) = preSolution
		Debug|Any CPU = Debug|Any CPU
		Release|Any CPU = Release|Any CPU
	EndGlobalSection
	GlobalSection(ProjectConfigurationPlatforms) = postSolution
		{1425BA3C-617D-48A5-835C-45B77215815E}.Debug|Any CPU.ActiveCfg = Debug|Any CPU
		{1425BA3C-617D-48A5-835C-45B77215815E}.Debug|Any CPU.Build.0 = Debug|Any CPU
		{1425BA3C-617D-48A5-835C-45B77215815E}.Release|Any CPU.ActiveCfg = Release|Any CPU
		{1425BA3C-617D-48A5-835C-45B77215815E}.Release|Any CPU.Build.0 = Release|Any CPU
		{DBA143EE-B9C3-454C-B4D9-DB93EA294F26}.Debug|Any CPU.ActiveCfg = Debug|Any CPU
		{DBA143EE-B9C3-454C-B4D9-DB93EA294F26}.Debug|Any CPU.Build.0 = Debug|Any CPU
		{DBA143EE-B9C3-454C-B4D9-DB93EA294F26}.Release|Any CPU.ActiveCfg = Release|Any CPU
		{DBA143EE-B9C3-454C-B4D9-DB93EA294F26}.Release|Any CPU.Build.0 = Release|Any CPU
		{7CCF91FD-823F-43E0-A727-353ABAA4938C}.Debug|Any CPU.ActiveCfg = Debug|Any CPU
		{7CCF91FD-823F-43E0-A727-353ABAA4938C}.Debug|Any CPU.Build.0 = Debug|Any CPU
		{7CCF91FD-823F-43E0-A727-353ABAA4938C}.Release|Any CPU.ActiveCfg = Release|Any CPU
		{7CCF91FD-823F-43E0-A727-353ABAA4938C}.Release|Any CPU.Build.0 = Release|Any CPU
		{4E494F2D-E951-4CF1-8AA7-53B8FC0DB06D}.Debug|Any CPU.ActiveCfg = Debug|Any CPU
		{4E494F2D-E951-4CF1-8AA7-53B8FC0DB06D}.Debug|Any CPU.Build.0 = Debug|Any CPU
		{4E494F2D-E951-4CF1-8AA7-53B8FC0DB06D}.Release|Any CPU.ActiveCfg = Release|Any CPU
		{4E494F2D-E951-4CF1-8AA7-53B8FC0DB06D}.Release|Any CPU.Build.0 = Release|Any CPU
		{FDA45AE6-4850-41C6-93C3-E452B8BCA5D3}.Debug|Any CPU.ActiveCfg = Debug|Any CPU
		{FDA45AE6-4850-41C6-93C3-E452B8BCA5D3}.Debug|Any CPU.Build.0 = Debug|Any CPU
		{FDA45AE6-4850-41C6-93C3-E452B8BCA5D3}.Release|Any CPU.ActiveCfg = Release|Any CPU
		{FDA45AE6-4850-41C6-93C3-E452B8BCA5D3}.Release|Any CPU.Build.0 = Release|Any CPU
	EndGlobalSection
	GlobalSection(SolutionProperties) = preSolution
		HideSolutionNode = FALSE
	EndGlobalSection
	GlobalSection(ExtensibilityGlobals) = postSolution
		SolutionGuid = {9B08CA7A-452C-4AB3-BC0B-87CDE6FF87F3}
	EndGlobalSection
EndGlobal
